
Microsoft Visual Studio Solution File, Format Version 12.00
# Visual Studio Version 16
VisualStudioVersion = 16.0.30104.148
MinimumVisualStudioVersion = 10.0.40219.1
Project("{FAE04EC0-301F-11D3-BF4B-00C04F79EFBC}") = "MVCTestingSample", "MVCTestingSample\MVCTestingSample.csproj", "{85B138E8-166E-4E21-BF72-C5546D5B39F3}"
EndProject
Project("{FAE04EC0-301F-11D3-BF4B-00C04F79EFBC}") = "MVCTestingSampleTests", "MVCTestingSampleTests\MVCTestingSampleTests.csproj", "{DDFC8675-F4F1-45BC-83D8-3690AD9E5C40}"
EndProject
Global
	GlobalSection(SolutionConfigurationPlatforms) = preSolution
		Debug|Any CPU = Debug|Any CPU
		Release|Any CPU = Release|Any CPU
	EndGlobalSection
	GlobalSection(ProjectConfigurationPlatforms) = postSolution
		{85B138E8-166E-4E21-BF72-C5546D5B39F3}.Debug|Any CPU.ActiveCfg = Debug|Any CPU
		{85B138E8-166E-4E21-BF72-C5546D5B39F3}.Debug|Any CPU.Build.0 = Debug|Any CPU
		{85B138E8-166E-4E21-BF72-C5546D5B39F3}.Release|Any CPU.ActiveCfg = Release|Any CPU
		{85B138E8-166E-4E21-BF72-C5546D5B39F3}.Release|Any CPU.Build.0 = Release|Any CPU
		{DDFC8675-F4F1-45BC-83D8-3690AD9E5C40}.Debug|Any CPU.ActiveCfg = Debug|Any CPU
		{DDFC8675-F4F1-45BC-83D8-3690AD9E5C40}.Debug|Any CPU.Build.0 = Debug|Any CPU
		{DDFC8675-F4F1-45BC-83D8-3690AD9E5C40}.Release|Any CPU.ActiveCfg = Release|Any CPU
		{DDFC8675-F4F1-45BC-83D8-3690AD9E5C40}.Release|Any CPU.Build.0 = Release|Any CPU
	EndGlobalSection
	GlobalSection(SolutionProperties) = preSolution
		HideSolutionNode = FALSE
	EndGlobalSection
	GlobalSection(ExtensibilityGlobals) = postSolution
		SolutionGuid = {50F16C17-33FD-4EA4-8513-55FCA88C331C}
	EndGlobalSection
EndGlobal
